
Microsoft Visual Studio Solution File, Format Version 12.00
# Visual Studio Version 17
VisualStudioVersion = 17.13.35818.85 d17.13
MinimumVisualStudioVersion = 10.0.40219.1
Project("{FAE04EC0-301F-11D3-BF4B-00C04F79EFBC}") = "MedClinic.Desktop", "MedClinic.Desktop\MedClinic.Desktop.csproj", "{D8E7A419-E02A-46F9-9A57-10227D977346}"
EndProject
Global
	GlobalSection(SolutionConfigurationPlatforms) = preSolution
		Debug|Any CPU = Debug|Any CPU
		Release|Any CPU = Release|Any CPU
	EndGlobalSection
	GlobalSection(ProjectConfigurationPlatforms) = postSolution
		{D8E7A419-E02A-46F9-9A57-10227D977346}.Debug|Any CPU.ActiveCfg = Debug|Any CPU
		{D8E7A419-E02A-46F9-9A57-10227D977346}.Debug|Any CPU.Build.0 = Debug|Any CPU
		{D8E7A419-E02A-46F9-9A57-10227D977346}.Release|Any CPU.ActiveCfg = Release|Any CPU
		{D8E7A419-E02A-46F9-9A57-10227D977346}.Release|Any CPU.Build.0 = Release|Any CPU
	EndGlobalSection
	GlobalSection(SolutionProperties) = preSolution
		HideSolutionNode = FALSE
	EndGlobalSection
	GlobalSection(ExtensibilityGlobals) = postSolution
		SolutionGuid = {626A4759-CE63-45DA-BE72-7B01132AD159}
	EndGlobalSection
EndGlobal
